
Microsoft Visual Studio Solution File, Format Version 12.00
# Visual Studio Version 17
VisualStudioVersion = 17.3.32901.215
MinimumVisualStudioVersion = 10.0.40219.1
Project("{FAE04EC0-301F-11D3-BF4B-00C04F79EFBC}") = "Vk_bot", "Vk_bot\Vk_bot.csproj", "{58682DE3-A38A-4DCC-AEA5-5A7843B2D392}"
EndProject
Global
	GlobalSection(SolutionConfigurationPlatforms) = preSolution
		Debug|Any CPU = Debug|Any CPU
		Release|Any CPU = Release|Any CPU
	EndGlobalSection
	GlobalSection(ProjectConfigurationPlatforms) = postSolution
		{58682DE3-A38A-4DCC-AEA5-5A7843B2D392}.Debug|Any CPU.ActiveCfg = Debug|Any CPU
		{58682DE3-A38A-4DCC-AEA5-5A7843B2D392}.Debug|Any CPU.Build.0 = Debug|Any CPU
		{58682DE3-A38A-4DCC-AEA5-5A7843B2D392}.Release|Any CPU.ActiveCfg = Release|Any CPU
		{58682DE3-A38A-4DCC-AEA5-5A7843B2D392}.Release|Any CPU.Build.0 = Release|Any CPU
	EndGlobalSection
	GlobalSection(SolutionProperties) = preSolution
		HideSolutionNode = FALSE
	EndGlobalSection
	GlobalSection(ExtensibilityGlobals) = postSolution
		SolutionGuid = {050C429C-BFF3-4C41-8656-137CA71AAF1A}
	EndGlobalSection
EndGlobal
